
Microsoft Visual Studio Solution File, Format Version 12.00
# Visual Studio 15
VisualStudioVersion = 15.0.27130.2010
MinimumVisualStudioVersion = 10.0.40219.1
Project("{FAE04EC0-301F-11D3-BF4B-00C04F79EFBC}") = "Scrape", "Scrape\Scrape.csproj", "{C50541A8-6C71-45E6-BC16-E907DA82BB41}"
EndProject
Global
	GlobalSection(SolutionConfigurationPlatforms) = preSolution
		Debug|Any CPU = Debug|Any CPU
		Release|Any CPU = Release|Any CPU
	EndGlobalSection
	GlobalSection(ProjectConfigurationPlatforms) = postSolution
		{C50541A8-6C71-45E6-BC16-E907DA82BB41}.Debug|Any CPU.ActiveCfg = Debug|Any CPU
		{C50541A8-6C71-45E6-BC16-E907DA82BB41}.Debug|Any CPU.Build.0 = Debug|Any CPU
		{C50541A8-6C71-45E6-BC16-E907DA82BB41}.Release|Any CPU.ActiveCfg = Release|Any CPU
		{C50541A8-6C71-45E6-BC16-E907DA82BB41}.Release|Any CPU.Build.0 = Release|Any CPU
	EndGlobalSection
	GlobalSection(SolutionProperties) = preSolution
		HideSolutionNode = FALSE
	EndGlobalSection
	GlobalSection(ExtensibilityGlobals) = postSolution
		SolutionGuid = {95924170-5653-4DD5-A9AA-BB88B496076B}
	EndGlobalSection
EndGlobal
